<?xml version="1.0" encoding="utf-8"?>
<Project ToolsVersion="4.0" xmlns="http://schemas.microsoft.com/developer/msbuild/2003">
  <ItemGroup>
    <ClCompile Include="core\managers\display_manager.cpp">
      <Filter>core\managers</Filter>
    </ClCompile>
    <ClCompile Include="core\managers\input_manager.cpp">
      <Filter>core\managers</Filter>
    </ClCompile>
    <ClCompile Include="core\managers\object_manager.cpp">
      <Filter>core\managers</Filter>
    </ClCompile>
    <ClCompile Include="core\managers\sprite_manager.cpp">
      <Filter>core\managers</Filter>
    </ClCompile>
    <ClCompile Include="core\managers\time_manager.cpp">
      <Filter>core\managers</Filter>
    </ClCompile>
    <ClCompile Include="core\core_types.cpp">
      <Filter>core</Filter>
    </ClCompile>
    <ClCompile Include="core\utils.cpp">
      <Filter>core</Filter>
    </ClCompile>
    <ClCompile Include="core\engine.cpp">
      <Filter>core</Filter>
    </ClCompile>
    <ClCompile Include="core\managers\animation_manager.cpp">
      <Filter>core\managers</Filter>
    </ClCompile>
    <ClCompile Include="game\game.cpp">
      <Filter>game</Filter>
    </ClCompile>
    <ClCompile Include="game\gameObjects\player.cpp">
      <Filter>game\gameObjects</Filter>
    </ClCompile>
    <ClCompile Include="main.cpp" />
    <ClCompile Include="core\managers\scene_manager.cpp">
      <Filter>core\managers</Filter>
    </ClCompile>
    <ClCompile Include="core\managers\ui_manager.cpp">
      <Filter>core\managers</Filter>
    </ClCompile>
    <ClCompile Include="core\ui.cpp">
      <Filter>core</Filter>
    </ClCompile>
    <ClCompile Include="game\gameObjects\player_camera.cpp">
      <Filter>game\gameObjects</Filter>
    </ClCompile>
    <ClCompile Include="game\scenes\level_scene.cpp">
      <Filter>game\scenes</Filter>
    </ClCompile>
    <ClCompile Include="game\scenes\menu_scene.cpp">
      <Filter>game\scenes</Filter>
    </ClCompile>
  </ItemGroup>
  <ItemGroup>
    <ClInclude Include="core\managers\display_manager.h">
      <Filter>core\managers</Filter>
    </ClInclude>
    <ClInclude Include="core\managers\input_manager.h">
      <Filter>core\managers</Filter>
    </ClInclude>
    <ClInclude Include="core\managers\manager.h">
      <Filter>core\managers</Filter>
    </ClInclude>
    <ClInclude Include="core\managers\managers.h">
      <Filter>core\managers</Filter>
    </ClInclude>
    <ClInclude Include="core\managers\object_manager.h">
      <Filter>core\managers</Filter>
    </ClInclude>
    <ClInclude Include="core\managers\sprite_manager.h">
      <Filter>core\managers</Filter>
    </ClInclude>
    <ClInclude Include="core\managers\time_manager.h">
      <Filter>core\managers</Filter>
    </ClInclude>
    <ClInclude Include="core\core.h">
      <Filter>core</Filter>
    </ClInclude>
    <ClInclude Include="core\core_types.h">
      <Filter>core</Filter>
    </ClInclude>
    <ClInclude Include="core\utils.h">
      <Filter>core</Filter>
    </ClInclude>
    <ClInclude Include="core\application.h">
      <Filter>core</Filter>
    </ClInclude>
    <ClInclude Include="core\engine.h">
      <Filter>core</Filter>
    </ClInclude>
    <ClInclude Include="core\managers\animation_manager.h">
      <Filter>core\managers</Filter>
    </ClInclude>
    <ClInclude Include="game\game.h">
      <Filter>game</Filter>
    </ClInclude>
    <ClInclude Include="game\gameObjects\player.h">
      <Filter>game\gameObjects</Filter>
    </ClInclude>
    <ClInclude Include="game\config.h">
      <Filter>game</Filter>
    </ClInclude>
    <ClInclude Include="core\managers\scene_manager.h">
      <Filter>core\managers</Filter>
    </ClInclude>
    <ClInclude Include="core\managers\ui_manager.h">
      <Filter>core\managers</Filter>
    </ClInclude>
    <ClInclude Include="core\ui.h">
      <Filter>core</Filter>
    </ClInclude>
    <ClInclude Include="game\gameObjects\player_camera.h">
      <Filter>game\gameObjects</Filter>
    </ClInclude>
    <ClInclude Include="game\scenes\level_scene.h">
      <Filter>game\scenes</Filter>
    </ClInclude>
    <ClInclude Include="game\scenes\menu_scene.h">
      <Filter>game\scenes</Filter>
    </ClInclude>
  </ItemGroup>
  <ItemGroup>
    <Image Include="game\assets\eti.bmp">
      <Filter>game\assets</Filter>
    </Image>
    <Image Include="game\assets\charsets\def_8.bmp">
      <Filter>game\assets\charsets</Filter>
    </Image>
    <Image Include="game\assets\charsets\ps2p_16.bmp">
      <Filter>game\assets\charsets</Filter>
    </Image>
    <Image Include="game\assets\charsets\thf_32.bmp">
      <Filter>game\assets\charsets</Filter>
    </Image>
    <Image Include="game\assets\charsets\yg_64.bmp">
      <Filter>game\assets\charsets</Filter>
    </Image>
    <Image Include="game\assets\levels\menu\wheels.bmp">
      <Filter>game\assets\levels\menu</Filter>
    </Image>
    <Image Include="game\assets\levels\menu\boxes.bmp">
      <Filter>game\assets\levels\menu</Filter>
    </Image>
    <Image Include="game\assets\levels\menu\buildings.bmp">
      <Filter>game\assets\levels\menu</Filter>
    </Image>
    <Image Include="game\assets\levels\menu\road.bmp">
      <Filter>game\assets\levels\menu</Filter>
    </Image>
    <Image Include="game\assets\levels\menu\sky.bmp">
      <Filter>game\assets\levels\menu</Filter>
    </Image>
    <Image Include="game\assets\levels\menu\wall2.bmp">
      <Filter>game\assets\levels\menu</Filter>
    </Image>
    <Image Include="game\assets\levels\menu\wall1.bmp">
      <Filter>game\assets\levels\menu</Filter>
    </Image>
    <Image Include="game\assets\player\ply_walk.bmp">
      <Filter>game\assets\player</Filter>
    </Image>
    <Image Include="game\assets\player\ply_attack1.bmp">
      <Filter>game\assets\player</Filter>
    </Image>
    <Image Include="game\assets\player\ply_attack3.bmp">
      <Filter>game\assets\player</Filter>
    </Image>
    <Image Include="game\assets\player\ply_dead.bmp">
      <Filter>game\assets\player</Filter>
    </Image>
    <Image Include="game\assets\player\ply_hurt.bmp">
      <Filter>game\assets\player</Filter>
    </Image>
    <Image Include="game\assets\player\ply_idle.bmp">
      <Filter>game\assets\player</Filter>
    </Image>
    <Image Include="game\assets\doyle\doyle_attack1.bmp">
      <Filter>game\assets\doyle</Filter>
    </Image>
    <Image Include="game\assets\doyle\doyle_attack3.bmp">
      <Filter>game\assets\doyle</Filter>
    </Image>
    <Image Include="game\assets\doyle\doyle_dead.bmp">
      <Filter>game\assets\doyle</Filter>
    </Image>
    <Image Include="game\assets\doyle\doyle_hurt.bmp">
      <Filter>game\assets\doyle</Filter>
    </Image>
    <Image Include="game\assets\doyle\doyle_idle.bmp">
      <Filter>game\assets\doyle</Filter>
    </Image>
    <Image Include="game\assets\doyle\doyle_walk.bmp">
      <Filter>game\assets\doyle</Filter>
    </Image>
    <Image Include="game\assets\player\ply_jump.bmp">
      <Filter>game\assets\player</Filter>
    </Image>
    <Image Include="game\assets\doyle\doyle_jump.bmp">
      <Filter>game\assets\doyle</Filter>
    </Image>
    <Image Include="game\assets\player\ply_attack2.bmp">
      <Filter>game\assets\player</Filter>
    </Image>
    <Image Include="game\assets\doyle\doyle_attack2.bmp">
      <Filter>game\assets\doyle</Filter>
    </Image>
    <Image Include="game\assets\autumn\autumn_attack1.bmp">
      <Filter>game\assets\autumn</Filter>
    </Image>
    <Image Include="game\assets\autumn\autumn_attack2.bmp">
      <Filter>game\assets\autumn</Filter>
    </Image>
    <Image Include="game\assets\autumn\autumn_attack3.bmp">
      <Filter>game\assets\autumn</Filter>
    </Image>
    <Image Include="game\assets\autumn\autumn_dead.bmp">
      <Filter>game\assets\autumn</Filter>
    </Image>
    <Image Include="game\assets\autumn\autumn_hurt.bmp">
      <Filter>game\assets\autumn</Filter>
    </Image>
    <Image Include="game\assets\autumn\autumn_idle.bmp">
      <Filter>game\assets\autumn</Filter>
    </Image>
    <Image Include="game\assets\autumn\autumn_jump.bmp">
      <Filter>game\assets\autumn</Filter>
    </Image>
    <Image Include="game\assets\autumn\autumn_walk.bmp">
      <Filter>game\assets\autumn</Filter>
    </Image>
    <Image Include="game\assets\punch_icon.bmp">
      <Filter>game\assets</Filter>
    </Image>
    <Image Include="game\assets\shadow.bmp">
      <Filter>game\assets</Filter>
    </Image>
    <Image Include="game\assets\menu_bg.bmp">
      <Filter>game\assets</Filter>
    </Image>
    <Image Include="game\assets\ui\big_frame.bmp">
      <Filter>game\assets\ui</Filter>
    </Image>
    <Image Include="game\assets\ui\button.bmp">
      <Filter>game\assets\ui</Filter>
    </Image>
    <Image Include="game\assets\ui\punch.bmp">
      <Filter>game\assets\ui</Filter>
    </Image>
    <Image Include="game\assets\ui\small_frame.bmp">
      <Filter>game\assets\ui</Filter>
    </Image>
    <Image Include="game\assets\ui\text_input.bmp">
      <Filter>game\assets\ui</Filter>
    </Image>
  </ItemGroup>
  <ItemGroup>
    <Filter Include="core">
      <UniqueIdentifier>{86e78a1a-3fb5-45e8-870b-18f2cb1c4d82}</UniqueIdentifier>
    </Filter>
    <Filter Include="core\managers">
      <UniqueIdentifier>{c214f5f9-e40b-4b7a-8b36-653eb9068e73}</UniqueIdentifier>
    </Filter>
    <Filter Include="game">
      <UniqueIdentifier>{07b72737-a986-40e3-8027-8adcd0ba40e2}</UniqueIdentifier>
    </Filter>
    <Filter Include="game\assets">
      <UniqueIdentifier>{112c018b-8eee-4599-b59d-f7d5e75c4587}</UniqueIdentifier>
    </Filter>
    <Filter Include="game\assets\player">
      <UniqueIdentifier>{e5ae09ff-dbcd-422e-ac1f-e6fc68e6e0da}</UniqueIdentifier>
    </Filter>
    <Filter Include="game\assets\charsets">
      <UniqueIdentifier>{b9144c78-9bdc-4dc9-82e4-0f617e0d895b}</UniqueIdentifier>
    </Filter>
    <Filter Include="game\gameObjects">
      <UniqueIdentifier>{8d6ec7a8-77ff-4eab-8b8f-867d8f62a275}</UniqueIdentifier>
    </Filter>
    <Filter Include="game\assets\levels">
      <UniqueIdentifier>{146c1078-a0e9-431a-a7ab-a51b322ea257}</UniqueIdentifier>
    </Filter>
    <Filter Include="game\assets\doyle">
      <UniqueIdentifier>{bc0491a2-f487-4958-b53d-b57d5a2a39bc}</UniqueIdentifier>
    </Filter>
    <Filter Include="game\assets\autumn">
      <UniqueIdentifier>{93b24f3a-8ab3-42fe-b911-2e9fdeb55957}</UniqueIdentifier>
    </Filter>
    <Filter Include="game\scenes">
      <UniqueIdentifier>{27d3ff2a-3786-4112-b10c-af024d42a443}</UniqueIdentifier>
    </Filter>
    <Filter Include="game\assets\levels\menu">
      <UniqueIdentifier>{cc68c9d4-0ade-4006-8497-8a82bf77eee2}</UniqueIdentifier>
    </Filter>
    <Filter Include="game\assets\ui">
      <UniqueIdentifier>{ee6d2c7e-ebf2-4e4e-ab5c-5c1f9e217ca3}</UniqueIdentifier>
    </Filter>
  </ItemGroup>
  <ItemGroup>
    <Text Include="CREDITS.txt" />
  </ItemGroup>
</Project>