<?xml version="1.0" encoding="utf-8"?>
<Project ToolsVersion="4.0" xmlns="http://schemas.microsoft.com/developer/msbuild/2003">
  <ItemGroup>
    <ClCompile Include="core\managers\display_manager.cpp">
      <Filter>core\managers</Filter>
    </ClCompile>
    <ClCompile Include="core\managers\input_manager.cpp">
      <Filter>core\managers</Filter>
    </ClCompile>
    <ClCompile Include="core\managers\object_manager.cpp">
      <Filter>core\managers</Filter>
    </ClCompile>
    <ClCompile Include="core\managers\sprite_manager.cpp">
      <Filter>core\managers</Filter>
    </ClCompile>
    <ClCompile Include="core\managers\time_manager.cpp">
      <Filter>core\managers</Filter>
    </ClCompile>
    <ClCompile Include="core\core_types.cpp">
      <Filter>core</Filter>
    </ClCompile>
    <ClCompile Include="core\utils.cpp">
      <Filter>core</Filter>
    </ClCompile>
    <ClCompile Include="core\engine.cpp">
      <Filter>core</Filter>
    </ClCompile>
    <ClCompile Include="core\managers\animation_manager.cpp">
      <Filter>core\managers</Filter>
    </ClCompile>
    <ClCompile Include="game\game.cpp">
      <Filter>game</Filter>
    </ClCompile>
    <ClCompile Include="game\gameObjects\player.cpp">
      <Filter>game\gameObjects</Filter>
    </ClCompile>
    <ClCompile Include="main.cpp" />
    <ClCompile Include="core\managers\scene_manager.cpp">
      <Filter>core\managers</Filter>
    </ClCompile>
    <ClCompile Include="core\managers\ui_manager.cpp">
      <Filter>core\managers</Filter>
    </ClCompile>
    <ClCompile Include="game\level_scene.cpp">
      <Filter>game</Filter>
    </ClCompile>
    <ClCompile Include="core\ui.cpp">
      <Filter>core</Filter>
    </ClCompile>
  </ItemGroup>
  <ItemGroup>
    <ClInclude Include="core\managers\display_manager.h">
      <Filter>core\managers</Filter>
    </ClInclude>
    <ClInclude Include="core\managers\input_manager.h">
      <Filter>core\managers</Filter>
    </ClInclude>
    <ClInclude Include="core\managers\manager.h">
      <Filter>core\managers</Filter>
    </ClInclude>
    <ClInclude Include="core\managers\managers.h">
      <Filter>core\managers</Filter>
    </ClInclude>
    <ClInclude Include="core\managers\object_manager.h">
      <Filter>core\managers</Filter>
    </ClInclude>
    <ClInclude Include="core\managers\sprite_manager.h">
      <Filter>core\managers</Filter>
    </ClInclude>
    <ClInclude Include="core\managers\time_manager.h">
      <Filter>core\managers</Filter>
    </ClInclude>
    <ClInclude Include="core\core.h">
      <Filter>core</Filter>
    </ClInclude>
    <ClInclude Include="core\core_types.h">
      <Filter>core</Filter>
    </ClInclude>
    <ClInclude Include="core\utils.h">
      <Filter>core</Filter>
    </ClInclude>
    <ClInclude Include="core\application.h">
      <Filter>core</Filter>
    </ClInclude>
    <ClInclude Include="core\engine.h">
      <Filter>core</Filter>
    </ClInclude>
    <ClInclude Include="core\managers\animation_manager.h">
      <Filter>core\managers</Filter>
    </ClInclude>
    <ClInclude Include="game\game.h">
      <Filter>game</Filter>
    </ClInclude>
    <ClInclude Include="game\gameObjects\player.h">
      <Filter>game\gameObjects</Filter>
    </ClInclude>
    <ClInclude Include="game\config.h">
      <Filter>game</Filter>
    </ClInclude>
    <ClInclude Include="core\managers\scene_manager.h">
      <Filter>core\managers</Filter>
    </ClInclude>
    <ClInclude Include="core\managers\ui_manager.h">
      <Filter>core\managers</Filter>
    </ClInclude>
    <ClInclude Include="game\level_scene.h">
      <Filter>game</Filter>
    </ClInclude>
    <ClInclude Include="core\ui.h">
      <Filter>core</Filter>
    </ClInclude>
  </ItemGroup>
  <ItemGroup>
    <Image Include="game\assets\eti.bmp">
      <Filter>game\assets</Filter>
    </Image>
    <Image Include="game\assets\player\Attack_1.bmp">
      <Filter>game\assets\player</Filter>
    </Image>
    <Image Include="game\assets\player\Attack_2.bmp">
      <Filter>game\assets\player</Filter>
    </Image>
    <Image Include="game\assets\player\Attack_3.bmp">
      <Filter>game\assets\player</Filter>
    </Image>
    <Image Include="game\assets\player\Dead.bmp">
      <Filter>game\assets\player</Filter>
    </Image>
    <Image Include="game\assets\player\Hurt.bmp">
      <Filter>game\assets\player</Filter>
    </Image>
    <Image Include="game\assets\player\Jump.bmp">
      <Filter>game\assets\player</Filter>
    </Image>
    <Image Include="game\assets\player\Idle.bmp">
      <Filter>game\assets\player</Filter>
    </Image>
    <Image Include="game\assets\player\Run.bmp">
      <Filter>game\assets\player</Filter>
    </Image>
    <Image Include="game\assets\player\Shield.bmp">
      <Filter>game\assets\player</Filter>
    </Image>
    <Image Include="game\assets\player\Walk.bmp">
      <Filter>game\assets\player</Filter>
    </Image>
    <Image Include="game\assets\charsets\def_8.bmp">
      <Filter>game\assets\charsets</Filter>
    </Image>
    <Image Include="game\assets\charsets\ps2p_16.bmp">
      <Filter>game\assets\charsets</Filter>
    </Image>
    <Image Include="game\assets\charsets\thf_32.bmp">
      <Filter>game\assets\charsets</Filter>
    </Image>
    <Image Include="game\assets\charsets\yg_64.bmp">
      <Filter>game\assets\charsets</Filter>
    </Image>
    <Image Include="game\assets\levels\level1\wheels.bmp">
      <Filter>game\assets\levels\level1</Filter>
    </Image>
    <Image Include="game\assets\levels\level1\City1.bmp">
      <Filter>game\assets\levels\level1</Filter>
    </Image>
    <Image Include="game\assets\levels\level1\boxes.bmp">
      <Filter>game\assets\levels\level1</Filter>
    </Image>
    <Image Include="game\assets\levels\level1\buildings.bmp">
      <Filter>game\assets\levels\level1</Filter>
    </Image>
    <Image Include="game\assets\levels\level1\road.bmp">
      <Filter>game\assets\levels\level1</Filter>
    </Image>
    <Image Include="game\assets\levels\level1\sky.bmp">
      <Filter>game\assets\levels\level1</Filter>
    </Image>
    <Image Include="game\assets\levels\level1\wall2.bmp">
      <Filter>game\assets\levels\level1</Filter>
    </Image>
    <Image Include="game\assets\levels\level1\wall1.bmp">
      <Filter>game\assets\levels\level1</Filter>
    </Image>
  </ItemGroup>
  <ItemGroup>
    <Filter Include="core">
      <UniqueIdentifier>{86e78a1a-3fb5-45e8-870b-18f2cb1c4d82}</UniqueIdentifier>
    </Filter>
    <Filter Include="core\managers">
      <UniqueIdentifier>{c214f5f9-e40b-4b7a-8b36-653eb9068e73}</UniqueIdentifier>
    </Filter>
    <Filter Include="game">
      <UniqueIdentifier>{07b72737-a986-40e3-8027-8adcd0ba40e2}</UniqueIdentifier>
    </Filter>
    <Filter Include="game\assets">
      <UniqueIdentifier>{112c018b-8eee-4599-b59d-f7d5e75c4587}</UniqueIdentifier>
    </Filter>
    <Filter Include="game\assets\player">
      <UniqueIdentifier>{e5ae09ff-dbcd-422e-ac1f-e6fc68e6e0da}</UniqueIdentifier>
    </Filter>
    <Filter Include="game\assets\charsets">
      <UniqueIdentifier>{b9144c78-9bdc-4dc9-82e4-0f617e0d895b}</UniqueIdentifier>
    </Filter>
    <Filter Include="game\gameObjects">
      <UniqueIdentifier>{8d6ec7a8-77ff-4eab-8b8f-867d8f62a275}</UniqueIdentifier>
    </Filter>
    <Filter Include="game\assets\levels">
      <UniqueIdentifier>{146c1078-a0e9-431a-a7ab-a51b322ea257}</UniqueIdentifier>
    </Filter>
    <Filter Include="game\assets\levels\level1">
      <UniqueIdentifier>{cc68c9d4-0ade-4006-8497-8a82bf77eee2}</UniqueIdentifier>
    </Filter>
  </ItemGroup>
  <ItemGroup>
    <Text Include="CREDITS.txt" />
  </ItemGroup>
</Project>